
Microsoft Visual Studio Solution File, Format Version 12.00
# Visual Studio 15
VisualStudioVersion = 15.0.28010.2019
MinimumVisualStudioVersion = 10.0.40219.1
Project("{FAE04EC0-301F-11D3-BF4B-00C04F79EFBC}") = "WeatherApp.Android", "WeatherApp\WeatherApp.Android\WeatherApp.Android.csproj", "{E65FF8F9-E476-43F1-BC5E-DD1DEFBE56DD}"
EndProject
Project("{FAE04EC0-301F-11D3-BF4B-00C04F79EFBC}") = "WeatherApp.iOS", "WeatherApp\WeatherApp.iOS\WeatherApp.iOS.csproj", "{350DE665-9D4B-4E60-82A4-2164E796DD06}"
EndProject
Project("{FAE04EC0-301F-11D3-BF4B-00C04F79EFBC}") = "WeatherApp", "WeatherApp\WeatherApp\WeatherApp.csproj", "{1EC25966-D219-4CF7-94C7-CB3114F59A40}"
EndProject
Global
	GlobalSection(SolutionConfigurationPlatforms) = preSolution
		Ad-Hoc|Any CPU = Ad-Hoc|Any CPU
		Ad-Hoc|iPhone = Ad-Hoc|iPhone
		Ad-Hoc|iPhoneSimulator = Ad-Hoc|iPhoneSimulator
		AppStore|Any CPU = AppStore|Any CPU
		AppStore|iPhone = AppStore|iPhone
		AppStore|iPhoneSimulator = AppStore|iPhoneSimulator
		Debug|Any CPU = Debug|Any CPU
		Debug|iPhone = Debug|iPhone
		Debug|iPhoneSimulator = Debug|iPhoneSimulator
		Release|Any CPU = Release|Any CPU
		Release|iPhone = Release|iPhone
		Release|iPhoneSimulator = Release|iPhoneSimulator
	EndGlobalSection
	GlobalSection(ProjectConfigurationPlatforms) = postSolution
		{E65FF8F9-E476-43F1-BC5E-DD1DEFBE56DD}.Ad-Hoc|Any CPU.ActiveCfg = Release|Any CPU
		{E65FF8F9-E476-43F1-BC5E-DD1DEFBE56DD}.Ad-Hoc|Any CPU.Build.0 = Release|Any CPU
		{E65FF8F9-E476-43F1-BC5E-DD1DEFBE56DD}.Ad-Hoc|Any CPU.Deploy.0 = Release|Any CPU
		{E65FF8F9-E476-43F1-BC5E-DD1DEFBE56DD}.Ad-Hoc|iPhone.ActiveCfg = Release|Any CPU
		{E65FF8F9-E476-43F1-BC5E-DD1DEFBE56DD}.Ad-Hoc|iPhone.Build.0 = Release|Any CPU
		{E65FF8F9-E476-43F1-BC5E-DD1DEFBE56DD}.Ad-Hoc|iPhone.Deploy.0 = Release|Any CPU
		{E65FF8F9-E476-43F1-BC5E-DD1DEFBE56DD}.Ad-Hoc|iPhoneSimulator.ActiveCfg = Release|Any CPU
		{E65FF8F9-E476-43F1-BC5E-DD1DEFBE56DD}.Ad-Hoc|iPhoneSimulator.Build.0 = Release|Any CPU
		{E65FF8F9-E476-43F1-BC5E-DD1DEFBE56DD}.Ad-Hoc|iPhoneSimulator.Deploy.0 = Release|Any CPU
		{E65FF8F9-E476-43F1-BC5E-DD1DEFBE56DD}.AppStore|Any CPU.ActiveCfg = Release|Any CPU
		{E65FF8F9-E476-43F1-BC5E-DD1DEFBE56DD}.AppStore|Any CPU.Build.0 = Release|Any CPU
		{E65FF8F9-E476-43F1-BC5E-DD1DEFBE56DD}.AppStore|Any CPU.Deploy.0 = Release|Any CPU
		{E65FF8F9-E476-43F1-BC5E-DD1DEFBE56DD}.AppStore|iPhone.ActiveCfg = Release|Any CPU
		{E65FF8F9-E476-43F1-BC5E-DD1DEFBE56DD}.AppStore|iPhone.Build.0 = Release|Any CPU
		{E65FF8F9-E476-43F1-BC5E-DD1DEFBE56DD}.AppStore|iPhone.Deploy.0 = Release|Any CPU
		{E65FF8F9-E476-43F1-BC5E-DD1DEFBE56DD}.AppStore|iPhoneSimulator.ActiveCfg = Release|Any CPU
		{E65FF8F9-E476-43F1-BC5E-DD1DEFBE56DD}.AppStore|iPhoneSimulator.Build.0 = Release|Any CPU
		{E65FF8F9-E476-43F1-BC5E-DD1DEFBE56DD}.AppStore|iPhoneSimulator.Deploy.0 = Release|Any CPU
		{E65FF8F9-E476-43F1-BC5E-DD1DEFBE56DD}.Debug|Any CPU.ActiveCfg = Debug|Any CPU
		{E65FF8F9-E476-43F1-BC5E-DD1DEFBE56DD}.Debug|Any CPU.Build.0 = Debug|Any CPU
		{E65FF8F9-E476-43F1-BC5E-DD1DEFBE56DD}.Debug|Any CPU.Deploy.0 = Debug|Any CPU
		{E65FF8F9-E476-43F1-BC5E-DD1DEFBE56DD}.Debug|iPhone.ActiveCfg = Debug|Any CPU
		{E65FF8F9-E476-43F1-BC5E-DD1DEFBE56DD}.Debug|iPhone.Build.0 = Debug|Any CPU
		{E65FF8F9-E476-43F1-BC5E-DD1DEFBE56DD}.Debug|iPhone.Deploy.0 = Debug|Any CPU
		{E65FF8F9-E476-43F1-BC5E-DD1DEFBE56DD}.Debug|iPhoneSimulator.ActiveCfg = Debug|Any CPU
		{E65FF8F9-E476-43F1-BC5E-DD1DEFBE56DD}.Debug|iPhoneSimulator.Build.0 = Debug|Any CPU
		{E65FF8F9-E476-43F1-BC5E-DD1DEFBE56DD}.Debug|iPhoneSimulator.Deploy.0 = Debug|Any CPU
		{E65FF8F9-E476-43F1-BC5E-DD1DEFBE56DD}.Release|Any CPU.ActiveCfg = Release|Any CPU
		{E65FF8F9-E476-43F1-BC5E-DD1DEFBE56DD}.Release|Any CPU.Build.0 = Release|Any CPU
		{E65FF8F9-E476-43F1-BC5E-DD1DEFBE56DD}.Release|Any CPU.Deploy.0 = Release|Any CPU
		{E65FF8F9-E476-43F1-BC5E-DD1DEFBE56DD}.Release|iPhone.ActiveCfg = Release|Any CPU
		{E65FF8F9-E476-43F1-BC5E-DD1DEFBE56DD}.Release|iPhone.Build.0 = Release|Any CPU
		{E65FF8F9-E476-43F1-BC5E-DD1DEFBE56DD}.Release|iPhone.Deploy.0 = Release|Any CPU
		{E65FF8F9-E476-43F1-BC5E-DD1DEFBE56DD}.Release|iPhoneSimulator.ActiveCfg = Release|Any CPU
		{E65FF8F9-E476-43F1-BC5E-DD1DEFBE56DD}.Release|iPhoneSimulator.Build.0 = Release|Any CPU
		{E65FF8F9-E476-43F1-BC5E-DD1DEFBE56DD}.Release|iPhoneSimulator.Deploy.0 = Release|Any CPU
		{350DE665-9D4B-4E60-82A4-2164E796DD06}.Ad-Hoc|Any CPU.ActiveCfg = Ad-Hoc|iPhone
		{350DE665-9D4B-4E60-82A4-2164E796DD06}.Ad-Hoc|Any CPU.Build.0 = Ad-Hoc|iPhone
		{350DE665-9D4B-4E60-82A4-2164E796DD06}.Ad-Hoc|Any CPU.Deploy.0 = Ad-Hoc|iPhone
		{350DE665-9D4B-4E60-82A4-2164E796DD06}.Ad-Hoc|iPhone.ActiveCfg = Ad-Hoc|iPhone
		{350DE665-9D4B-4E60-82A4-2164E796DD06}.Ad-Hoc|iPhone.Build.0 = Ad-Hoc|iPhone
		{350DE665-9D4B-4E60-82A4-2164E796DD06}.Ad-Hoc|iPhone.Deploy.0 = Ad-Hoc|iPhone
		{350DE665-9D4B-4E60-82A4-2164E796DD06}.Ad-Hoc|iPhoneSimulator.ActiveCfg = Ad-Hoc|iPhoneSimulator
		{350DE665-9D4B-4E60-82A4-2164E796DD06}.Ad-Hoc|iPhoneSimulator.Build.0 = Ad-Hoc|iPhoneSimulator
		{350DE665-9D4B-4E60-82A4-2164E796DD06}.Ad-Hoc|iPhoneSimulator.Deploy.0 = Ad-Hoc|iPhoneSimulator
		{350DE665-9D4B-4E60-82A4-2164E796DD06}.AppStore|Any CPU.ActiveCfg = AppStore|iPhone
		{350DE665-9D4B-4E60-82A4-2164E796DD06}.AppStore|Any CPU.Build.0 = AppStore|iPhone
		{350DE665-9D4B-4E60-82A4-2164E796DD06}.AppStore|Any CPU.Deploy.0 = AppStore|iPhone
		{350DE665-9D4B-4E60-82A4-2164E796DD06}.AppStore|iPhone.ActiveCfg = AppStore|iPhone
		{350DE665-9D4B-4E60-82A4-2164E796DD06}.AppStore|iPhone.Build.0 = AppStore|iPhone
		{350DE665-9D4B-4E60-82A4-2164E796DD06}.AppStore|iPhone.Deploy.0 = AppStore|iPhone
		{350DE665-9D4B-4E60-82A4-2164E796DD06}.AppStore|iPhoneSimulator.ActiveCfg = AppStore|iPhoneSimulator
		{350DE665-9D4B-4E60-82A4-2164E796DD06}.AppStore|iPhoneSimulator.Build.0 = AppStore|iPhoneSimulator
		{350DE665-9D4B-4E60-82A4-2164E796DD06}.AppStore|iPhoneSimulator.Deploy.0 = AppStore|iPhoneSimulator
		{350DE665-9D4B-4E60-82A4-2164E796DD06}.Debug|Any CPU.ActiveCfg = Debug|iPhoneSimulator
		{350DE665-9D4B-4E60-82A4-2164E796DD06}.Debug|Any CPU.Build.0 = Debug|iPhoneSimulator
		{350DE665-9D4B-4E60-82A4-2164E796DD06}.Debug|Any CPU.Deploy.0 = Debug|iPhoneSimulator
		{350DE665-9D4B-4E60-82A4-2164E796DD06}.Debug|iPhone.ActiveCfg = Debug|iPhone
		{350DE665-9D4B-4E60-82A4-2164E796DD06}.Debug|iPhone.Build.0 = Debug|iPhone
		{350DE665-9D4B-4E60-82A4-2164E796DD06}.Debug|iPhone.Deploy.0 = Debug|iPhone
		{350DE665-9D4B-4E60-82A4-2164E796DD06}.Debug|iPhoneSimulator.ActiveCfg = Debug|iPhoneSimulator
		{350DE665-9D4B-4E60-82A4-2164E796DD06}.Debug|iPhoneSimulator.Build.0 = Debug|iPhoneSimulator
		{350DE665-9D4B-4E60-82A4-2164E796DD06}.Debug|iPhoneSimulator.Deploy.0 = Debug|iPhoneSimulator
		{350DE665-9D4B-4E60-82A4-2164E796DD06}.Release|Any CPU.ActiveCfg = Release|iPhone
		{350DE665-9D4B-4E60-82A4-2164E796DD06}.Release|Any CPU.Build.0 = Release|iPhone
		{350DE665-9D4B-4E60-82A4-2164E796DD06}.Release|Any CPU.Deploy.0 = Release|iPhone
		{350DE665-9D4B-4E60-82A4-2164E796DD06}.Release|iPhone.ActiveCfg = Release|iPhone
		{350DE665-9D4B-4E60-82A4-2164E796DD06}.Release|iPhone.Build.0 = Release|iPhone
		{350DE665-9D4B-4E60-82A4-2164E796DD06}.Release|iPhone.Deploy.0 = Release|iPhone
		{350DE665-9D4B-4E60-82A4-2164E796DD06}.Release|iPhoneSimulator.ActiveCfg = Release|iPhoneSimulator
		{350DE665-9D4B-4E60-82A4-2164E796DD06}.Release|iPhoneSimulator.Build.0 = Release|iPhoneSimulator
		{350DE665-9D4B-4E60-82A4-2164E796DD06}.Release|iPhoneSimulator.Deploy.0 = Release|iPhoneSimulator
		{1EC25966-D219-4CF7-94C7-CB3114F59A40}.Ad-Hoc|Any CPU.ActiveCfg = Debug|Any CPU
		{1EC25966-D219-4CF7-94C7-CB3114F59A40}.Ad-Hoc|Any CPU.Build.0 = Debug|Any CPU
		{1EC25966-D219-4CF7-94C7-CB3114F59A40}.Ad-Hoc|Any CPU.Deploy.0 = Debug|Any CPU
		{1EC25966-D219-4CF7-94C7-CB3114F59A40}.Ad-Hoc|iPhone.ActiveCfg = Debug|Any CPU
		{1EC25966-D219-4CF7-94C7-CB3114F59A40}.Ad-Hoc|iPhone.Build.0 = Debug|Any CPU
		{1EC25966-D219-4CF7-94C7-CB3114F59A40}.Ad-Hoc|iPhone.Deploy.0 = Debug|Any CPU
		{1EC25966-D219-4CF7-94C7-CB3114F59A40}.Ad-Hoc|iPhoneSimulator.ActiveCfg = Debug|Any CPU
		{1EC25966-D219-4CF7-94C7-CB3114F59A40}.Ad-Hoc|iPhoneSimulator.Build.0 = Debug|Any CPU
		{1EC25966-D219-4CF7-94C7-CB3114F59A40}.Ad-Hoc|iPhoneSimulator.Deploy.0 = Debug|Any CPU
		{1EC25966-D219-4CF7-94C7-CB3114F59A40}.AppStore|Any CPU.ActiveCfg = Debug|Any CPU
		{1EC25966-D219-4CF7-94C7-CB3114F59A40}.AppStore|Any CPU.Build.0 = Debug|Any CPU
		{1EC25966-D219-4CF7-94C7-CB3114F59A40}.AppStore|Any CPU.Deploy.0 = Debug|Any CPU
		{1EC25966-D219-4CF7-94C7-CB3114F59A40}.AppStore|iPhone.ActiveCfg = Debug|Any CPU
		{1EC25966-D219-4CF7-94C7-CB3114F59A40}.AppStore|iPhone.Build.0 = Debug|Any CPU
		{1EC25966-D219-4CF7-94C7-CB3114F59A40}.AppStore|iPhone.Deploy.0 = Debug|Any CPU
		{1EC25966-D219-4CF7-94C7-CB3114F59A40}.AppStore|iPhoneSimulator.ActiveCfg = Debug|Any CPU
		{1EC25966-D219-4CF7-94C7-CB3114F59A40}.AppStore|iPhoneSimulator.Build.0 = Debug|Any CPU
		{1EC25966-D219-4CF7-94C7-CB3114F59A40}.AppStore|iPhoneSimulator.Deploy.0 = Debug|Any CPU
		{1EC25966-D219-4CF7-94C7-CB3114F59A40}.Debug|Any CPU.ActiveCfg = Debug|Any CPU
		{1EC25966-D219-4CF7-94C7-CB3114F59A40}.Debug|Any CPU.Build.0 = Debug|Any CPU
		{1EC25966-D219-4CF7-94C7-CB3114F59A40}.Debug|Any CPU.Deploy.0 = Debug|Any CPU
		{1EC25966-D219-4CF7-94C7-CB3114F59A40}.Debug|iPhone.ActiveCfg = Debug|Any CPU
		{1EC25966-D219-4CF7-94C7-CB3114F59A40}.Debug|iPhone.Build.0 = Debug|Any CPU
		{1EC25966-D219-4CF7-94C7-CB3114F59A40}.Debug|iPhone.Deploy.0 = Debug|Any CPU
		{1EC25966-D219-4CF7-94C7-CB3114F59A40}.Debug|iPhoneSimulator.ActiveCfg = Debug|Any CPU
		{1EC25966-D219-4CF7-94C7-CB3114F59A40}.Debug|iPhoneSimulator.Build.0 = Debug|Any CPU
		{1EC25966-D219-4CF7-94C7-CB3114F59A40}.Debug|iPhoneSimulator.Deploy.0 = Debug|Any CPU
		{1EC25966-D219-4CF7-94C7-CB3114F59A40}.Release|Any CPU.ActiveCfg = Release|Any CPU
		{1EC25966-D219-4CF7-94C7-CB3114F59A40}.Release|Any CPU.Build.0 = Release|Any CPU
		{1EC25966-D219-4CF7-94C7-CB3114F59A40}.Release|Any CPU.Deploy.0 = Release|Any CPU
		{1EC25966-D219-4CF7-94C7-CB3114F59A40}.Release|iPhone.ActiveCfg = Release|Any CPU
		{1EC25966-D219-4CF7-94C7-CB3114F59A40}.Release|iPhone.Build.0 = Release|Any CPU
		{1EC25966-D219-4CF7-94C7-CB3114F59A40}.Release|iPhone.Deploy.0 = Release|Any CPU
		{1EC25966-D219-4CF7-94C7-CB3114F59A40}.Release|iPhoneSimulator.ActiveCfg = Release|Any CPU
		{1EC25966-D219-4CF7-94C7-CB3114F59A40}.Release|iPhoneSimulator.Build.0 = Release|Any CPU
		{1EC25966-D219-4CF7-94C7-CB3114F59A40}.Release|iPhoneSimulator.Deploy.0 = Release|Any CPU
	EndGlobalSection
	GlobalSection(SolutionProperties) = preSolution
		HideSolutionNode = FALSE
	EndGlobalSection
	GlobalSection(ExtensibilityGlobals) = postSolution
		SolutionGuid = {A5530CF3-C33E-4D1C-95E0-A07324FDF0EE}
	EndGlobalSection
EndGlobal
